// !$*UTF8*$!
{
	archiveVersion = 1;
	classes = {
	};
	objectVersion = 50;
	objects = {

/* Begin PBXBuildFile section */
		26BDB95F2115458400DBF8CB /* AppDelegate.swift in Sources */ = {isa = PBXBuildFile; fileRef = 26BDB95E2115458400DBF8CB /* AppDelegate.swift */; };
		26BDB9642115458400DBF8CB /* Main.storyboard in Resources */ = {isa = PBXBuildFile; fileRef = 26BDB9622115458400DBF8CB /* Main.storyboard */; };
		26BDB9662115458600DBF8CB /* Assets.xcassets in Resources */ = {isa = PBXBuildFile; fileRef = 26BDB9652115458600DBF8CB /* Assets.xcassets */; };
		26BDB9692115458600DBF8CB /* LaunchScreen.storyboard in Resources */ = {isa = PBXBuildFile; fileRef = 26BDB9672115458600DBF8CB /* LaunchScreen.storyboard */; };
		26BDB9712115459900DBF8CB /* Podfile in Resources */ = {isa = PBXBuildFile; fileRef = 26BDB9702115459900DBF8CB /* Podfile */; };
		26BDB973211545A100DBF8CB /* ExampleVideoCapture.swift in Sources */ = {isa = PBXBuildFile; fileRef = 26BDB972211545A100DBF8CB /* ExampleVideoCapture.swift */; };
		26BDB975211545BA00DBF8CB /* Firebase.swift in Sources */ = {isa = PBXBuildFile; fileRef = 26BDB974211545B900DBF8CB /* Firebase.swift */; };
		26BDB977211545CB00DBF8CB /* ViewController.swift in Sources */ = {isa = PBXBuildFile; fileRef = 26BDB976211545CB00DBF8CB /* ViewController.swift */; };
/* End PBXBuildFile section */

/* Begin PBXFileReference section */
		26BDB95B2115458400DBF8CB /* face_recognition.app */ = {isa = PBXFileReference; explicitFileType = wrapper.application; includeInIndex = 0; path = face_recognition.app; sourceTree = BUILT_PRODUCTS_DIR; };
		26BDB95E2115458400DBF8CB /* AppDelegate.swift */ = {isa = PBXFileReference; lastKnownFileType = sourcecode.swift; path = AppDelegate.swift; sourceTree = "<group>"; };
		26BDB9632115458400DBF8CB /* Base */ = {isa = PBXFileReference; lastKnownFileType = file.storyboard; name = Base; path = Base.lproj/Main.storyboard; sourceTree = "<group>"; };
		26BDB9652115458600DBF8CB /* Assets.xcassets */ = {isa = PBXFileReference; lastKnownFileType = folder.assetcatalog; path = Assets.xcassets; sourceTree = "<group>"; };
		26BDB9682115458600DBF8CB /* Base */ = {isa = PBXFileReference; lastKnownFileType = file.storyboard; name = Base; path = Base.lproj/LaunchScreen.storyboard; sourceTree = "<group>"; };
		26BDB96A2115458600DBF8CB /* Info.plist */ = {isa = PBXFileReference; lastKnownFileType = text.plist.xml; path = Info.plist; sourceTree = "<group>"; };
		26BDB9702115459900DBF8CB /* Podfile */ = {isa = PBXFileReference; fileEncoding = 4; lastKnownFileType = text; path = Podfile; sourceTree = "<group>"; };
		26BDB972211545A100DBF8CB /* ExampleVideoCapture.swift */ = {isa = PBXFileReference; fileEncoding = 4; lastKnownFileType = sourcecode.swift; path = ExampleVideoCapture.swift; sourceTree = "<group>"; };
		26BDB974211545B900DBF8CB /* Firebase.swift */ = {isa = PBXFileReference; fileEncoding = 4; lastKnownFileType = sourcecode.swift; path = Firebase.swift; sourceTree = "<group>"; };
		26BDB976211545CB00DBF8CB /* ViewController.swift */ = {isa = PBXFileReference; fileEncoding = 4; lastKnownFileType = sourcecode.swift; path = ViewController.swift; sourceTree = "<group>"; };
/* End PBXFileReference section */

/* Begin PBXFrameworksBuildPhase section */
		26BDB9582115458400DBF8CB /* Frameworks */ = {
			isa = PBXFrameworksBuildPhase;
			buildActionMask = 2147483647;
			files = (
			);
			runOnlyForDeploymentPostprocessing = 0;
		};
/* End PBXFrameworksBuildPhase section */

/* Begin PBXGroup section */
		26BDB9522115458400DBF8CB = {
			isa = PBXGroup;
			children = (
				26BDB95D2115458400DBF8CB /* face_recognition */,
				26BDB95C2115458400DBF8CB /* Products */,
				26BDB9702115459900DBF8CB /* Podfile */,
			);
			sourceTree = "<group>";
		};
		26BDB95C2115458400DBF8CB /* Products */ = {
			isa = PBXGroup;
			children = (
				26BDB95B2115458400DBF8CB /* face_recognition.app */,
			);
			name = Products;
			sourceTree = "<group>";
		};
		26BDB95D2115458400DBF8CB /* face_recognition */ = {
			isa = PBXGroup;
			children = (
				26BDB95E2115458400DBF8CB /* AppDelegate.swift */,
				26BDB9622115458400DBF8CB /* Main.storyboard */,
				26BDB9652115458600DBF8CB /* Assets.xcassets */,
				26BDB976211545CB00DBF8CB /* ViewController.swift */,
				26BDB9672115458600DBF8CB /* LaunchScreen.storyboard */,
				26BDB974211545B900DBF8CB /* Firebase.swift */,
				26BDB972211545A100DBF8CB /* ExampleVideoCapture.swift */,
				26BDB96A2115458600DBF8CB /* Info.plist */,
			);
			path = face_recognition;
			sourceTree = "<group>";
		};
/* End PBXGroup section */

/* Begin PBXNativeTarget section */
		26BDB95A2115458400DBF8CB /* face_recognition */ = {
			isa = PBXNativeTarget;
			buildConfigurationList = 26BDB96D2115458600DBF8CB /* Build configuration list for PBXNativeTarget "face_recognition" */;
			buildPhases = (
				26BDB9572115458400DBF8CB /* Sources */,
				26BDB9582115458400DBF8CB /* Frameworks */,
				26BDB9592115458400DBF8CB /* Resources */,
			);
			buildRules = (
			);
			dependencies = (
			);
			name = face_recognition;
			productName = face_recognition;
			productReference = 26BDB95B2115458400DBF8CB /* face_recognition.app */;
			productType = "com.apple.product-type.application";
		};
/* End PBXNativeTarget section */

/* Begin PBXProject section */
		26BDB9532115458400DBF8CB /* Project object */ = {
			isa = PBXProject;
			attributes = {
				LastSwiftUpdateCheck = 0930;
				LastUpgradeCheck = 0930;
				ORGANIZATIONNAME = "Grazietta Hof";
				TargetAttributes = {
					26BDB95A2115458400DBF8CB = {
						CreatedOnToolsVersion = 9.3.1;
					};
				};
			};
			buildConfigurationList = 26BDB9562115458400DBF8CB /* Build configuration list for PBXProject "face_recognition" */;
			compatibilityVersion = "Xcode 9.3";
			developmentRegion = en;
			hasScannedForEncodings = 0;
			knownRegions = (
				en,
				Base,
			);
			mainGroup = 26BDB9522115458400DBF8CB;
			productRefGroup = 26BDB95C2115458400DBF8CB /* Products */;
			projectDirPath = "";
			projectRoot = "";
			targets = (
				26BDB95A2115458400DBF8CB /* face_recognition */,
			);
		};
/* End PBXProject section */

/* Begin PBXResourcesBuildPhase section */
		26BDB9592115458400DBF8CB /* Resources */ = {
			isa = PBXResourcesBuildPhase;
			buildActionMask = 2147483647;
			files = (
				26BDB9692115458600DBF8CB /* LaunchScreen.storyboard in Resources */,
				26BDB9662115458600DBF8CB /* Assets.xcassets in Resources */,
				26BDB9712115459900DBF8CB /* Podfile in Resources */,
				26BDB9642115458400DBF8CB /* Main.storyboard in Resources */,
			);
			runOnlyForDeploymentPostprocessing = 0;
		};
/* End PBXResourcesBuildPhase section */

/* Begin PBXSourcesBuildPhase section */
		26BDB9572115458400DBF8CB /* Sources */ = {
			isa = PBXSourcesBuildPhase;
			buildActionMask = 2147483647;
			files = (
				26BDB973211545A100DBF8CB /* ExampleVideoCapture.swift in Sources */,
				26BDB975211545BA00DBF8CB /* Firebase.swift in Sources */,
				26BDB977211545CB00DBF8CB /* ViewController.swift in Sources */,
				26BDB95F2115458400DBF8CB /* AppDelegate.swift in Sources */,
			);
			runOnlyForDeploymentPostprocessing = 0;
		};
/* End PBXSourcesBuildPhase section */

/* Begin PBXVariantGroup section */
		26BDB9622115458400DBF8CB /* Main.storyboard */ = {
			isa = PBXVariantGroup;
			children = (
				26BDB9632115458400DBF8CB /* Base */,
			);
			name = Main.storyboard;
			sourceTree = "<group>";
		};
		26BDB9672115458600DBF8CB /* LaunchScreen.storyboard */ = {
			isa = PBXVariantGroup;
			children = (
				26BDB9682115458600DBF8CB /* Base */,
			);
			name = LaunchScreen.storyboard;
			sourceTree = "<group>";
		};
/* End PBXVariantGroup section */

/* Begin XCBuildConfiguration section */
		26BDB96B2115458600DBF8CB /* Debug */ = {
			isa = XCBuildConfiguration;
			buildSettings = {
				ALWAYS_SEARCH_USER_PATHS = NO;
				CLANG_ANALYZER_NONNULL = YES;
				CLANG_ANALYZER_NUMBER_OBJECT_CONVERSION = YES_AGGRESSIVE;
				CLANG_CXX_LANGUAGE_STANDARD = "gnu++14";
				CLANG_CXX_LIBRARY = "libc++";
				CLANG_ENABLE_MODULES = YES;
				CLANG_ENABLE_OBJC_ARC = YES;
				CLANG_ENABLE_OBJC_WEAK = YES;
				CLANG_WARN_BLOCK_CAPTURE_AUTORELEASING = YES;
				CLANG_WARN_BOOL_CONVERSION = YES;
				CLANG_WARN_COMMA = YES;
				CLANG_WARN_CONSTANT_CONVERSION = YES;
				CLANG_WARN_DEPRECATED_OBJC_IMPLEMENTATIONS = YES;
				CLANG_WARN_DIRECT_OBJC_ISA_USAGE = YES_ERROR;
				CLANG_WARN_DOCUMENTATION_COMMENTS = YES;
				CLANG_WARN_EMPTY_BODY = YES;
				CLANG_WARN_ENUM_CONVERSION = YES;
				CLANG_WARN_INFINITE_RECURSION = YES;
				CLANG_WARN_INT_CONVERSION = YES;
				CLANG_WARN_NON_LITERAL_NULL_CONVERSION = YES;
				CLANG_WARN_OBJC_IMPLICIT_RETAIN_SELF = YES;
				CLANG_WARN_OBJC_LITERAL_CONVERSION = YES;
				CLANG_WARN_OBJC_ROOT_CLASS = YES_ERROR;
				CLANG_WARN_RANGE_LOOP_ANALYSIS = YES;
				CLANG_WARN_STRICT_PROTOTYPES = YES;
				CLANG_WARN_SUSPICIOUS_MOVE = YES;
				CLANG_WARN_UNGUARDED_AVAILABILITY = YES_AGGRESSIVE;
				CLANG_WARN_UNREACHABLE_CODE = YES;
				CLANG_WARN__DUPLICATE_METHOD_MATCH = YES;
				CODE_SIGN_IDENTITY = "iPhone Developer";
				COPY_PHASE_STRIP = NO;
				DEBUG_INFORMATION_FORMAT = dwarf;
				ENABLE_STRICT_OBJC_MSGSEND = YES;
				ENABLE_TESTABILITY = YES;
				GCC_C_LANGUAGE_STANDARD = gnu11;
				GCC_DYNAMIC_NO_PIC = NO;
				GCC_NO_COMMON_BLOCKS = YES;
				GCC_OPTIMIZATION_LEVEL = 0;
				GCC_PREPROCESSOR_DEFINITIONS = (
					"DEBUG=1",
					"$(inherited)",
				);
				GCC_WARN_64_TO_32_BIT_CONVERSION = YES;
				GCC_WARN_ABOUT_RETURN_TYPE = YES_ERROR;
				GCC_WARN_UNDECLARED_SELECTOR = YES;
				GCC_WARN_UNINITIALIZED_AUTOS = YES_AGGRESSIVE;
				GCC_WARN_UNUSED_FUNCTION = YES;
				GCC_WARN_UNUSED_VARIABLE = YES;
				IPHONEOS_DEPLOYMENT_TARGET = 11.3;
				MTL_ENABLE_DEBUG_INFO = YES;
				ONLY_ACTIVE_ARCH = YES;
				SDKROOT = iphoneos;
				SWIFT_ACTIVE_COMPILATION_CONDITIONS = DEBUG;
				SWIFT_OPTIMIZATION_LEVEL = "-Onone";
			};
			name = Debug;
		};
		26BDB96C2115458600DBF8CB /* Release */ = {
			isa = XCBuildConfiguration;
			buildSettings = {
				ALWAYS_SEARCH_USER_PATHS = NO;
				CLANG_ANALYZER_NONNULL = YES;
				CLANG_ANALYZER_NUMBER_OBJECT_CONVERSION = YES_AGGRESSIVE;
				CLANG_CXX_LANGUAGE_STANDARD = "gnu++14";
				CLANG_CXX_LIBRARY = "libc++";
				CLANG_ENABLE_MODULES = YES;
				CLANG_ENABLE_OBJC_ARC = YES;
				CLANG_ENABLE_OBJC_WEAK = YES;
				CLANG_WARN_BLOCK_CAPTURE_AUTORELEASING = YES;
				CLANG_WARN_BOOL_CONVERSION = YES;
				CLANG_WARN_COMMA = YES;
				CLANG_WARN_CONSTANT_CONVERSION = YES;
				CLANG_WARN_DEPRECATED_OBJC_IMPLEMENTATIONS = YES;
				CLANG_WARN_DIRECT_OBJC_ISA_USAGE = YES_ERROR;
				CLANG_WARN_DOCUMENTATION_COMMENTS = YES;
				CLANG_WARN_EMPTY_BODY = YES;
				CLANG_WARN_ENUM_CONVERSION = YES;
				CLANG_WARN_INFINITE_RECURSION = YES;
				CLANG_WARN_INT_CONVERSION = YES;
				CLANG_WARN_NON_LITERAL_NULL_CONVERSION = YES;
				CLANG_WARN_OBJC_IMPLICIT_RETAIN_SELF = YES;
				CLANG_WARN_OBJC_LITERAL_CONVERSION = YES;
				CLANG_WARN_OBJC_ROOT_CLASS = YES_ERROR;
				CLANG_WARN_RANGE_LOOP_ANALYSIS = YES;
				CLANG_WARN_STRICT_PROTOTYPES = YES;
				CLANG_WARN_SUSPICIOUS_MOVE = YES;
				CLANG_WARN_UNGUARDED_AVAILABILITY = YES_AGGRESSIVE;
				CLANG_WARN_UNREACHABLE_CODE = YES;
				CLANG_WARN__DUPLICATE_METHOD_MATCH = YES;
				CODE_SIGN_IDENTITY = "iPhone Developer";
				COPY_PHASE_STRIP = NO;
				DEBUG_INFORMATION_FORMAT = "dwarf-with-dsym";
				ENABLE_NS_ASSERTIONS = NO;
				ENABLE_STRICT_OBJC_MSGSEND = YES;
				GCC_C_LANGUAGE_STANDARD = gnu11;
				GCC_NO_COMMON_BLOCKS = YES;
				GCC_WARN_64_TO_32_BIT_CONVERSION = YES;
				GCC_WARN_ABOUT_RETURN_TYPE = YES_ERROR;
				GCC_WARN_UNDECLARED_SELECTOR = YES;
				GCC_WARN_UNINITIALIZED_AUTOS = YES_AGGRESSIVE;
				GCC_WARN_UNUSED_FUNCTION = YES;
				GCC_WARN_UNUSED_VARIABLE = YES;
				IPHONEOS_DEPLOYMENT_TARGET = 11.3;
				MTL_ENABLE_DEBUG_INFO = NO;
				SDKROOT = iphoneos;
				SWIFT_COMPILATION_MODE = wholemodule;
				SWIFT_OPTIMIZATION_LEVEL = "-O";
				VALIDATE_PRODUCT = YES;
			};
			name = Release;
		};
		26BDB96E2115458600DBF8CB /* Debug */ = {
			isa = XCBuildConfiguration;
			buildSettings = {
				ASSETCATALOG_COMPILER_APPICON_NAME = AppIcon;
				CODE_SIGN_STYLE = Automatic;
				INFOPLIST_FILE = face_recognition/Info.plist;
				LD_RUNPATH_SEARCH_PATHS = (
					"$(inherited)",
					"@executable_path/Frameworks",
				);
				PRODUCT_BUNDLE_IDENTIFIER = "ghof.face-recognition";
				PRODUCT_NAME = "$(TARGET_NAME)";
				SWIFT_VERSION = 4.0;
				TARGETED_DEVICE_FAMILY = "1,2";
			};
			name = Debug;
		};
		26BDB96F2115458600DBF8CB /* Release */ = {
			isa = XCBuildConfiguration;
			buildSettings = {
				ASSETCATALOG_COMPILER_APPICON_NAME = AppIcon;
				CODE_SIGN_STYLE = Automatic;
				INFOPLIST_FILE = face_recognition/Info.plist;
				LD_RUNPATH_SEARCH_PATHS = (
					"$(inherited)",
					"@executable_path/Frameworks",
				);
				PRODUCT_BUNDLE_IDENTIFIER = "ghof.face-recognition";
				PRODUCT_NAME = "$(TARGET_NAME)";
				SWIFT_VERSION = 4.0;
				TARGETED_DEVICE_FAMILY = "1,2";
			};
			name = Release;
		};
/* End XCBuildConfiguration section */

/* Begin XCConfigurationList section */
		26BDB9562115458400DBF8CB /* Build configuration list for PBXProject "face_recognition" */ = {
			isa = XCConfigurationList;
			buildConfigurations = (
				26BDB96B2115458600DBF8CB /* Debug */,
				26BDB96C2115458600DBF8CB /* Release */,
			);
			defaultConfigurationIsVisible = 0;
			defaultConfigurationName = Release;
		};
		26BDB96D2115458600DBF8CB /* Build configuration list for PBXNativeTarget "face_recognition" */ = {
			isa = XCConfigurationList;
			buildConfigurations = (
				26BDB96E2115458600DBF8CB /* Debug */,
				26BDB96F2115458600DBF8CB /* Release */,
			);
			defaultConfigurationIsVisible = 0;
			defaultConfigurationName = Release;
		};
/* End XCConfigurationList section */
	};
	rootObject = 26BDB9532115458400DBF8CB /* Project object */;
}
